
Microsoft Visual Studio Solution File, Format Version 12.00
# Visual Studio Version 17
VisualStudioVersion = 17.7.34024.191
MinimumVisualStudioVersion = 10.0.40219.1
Project("{FAE04EC0-301F-11D3-BF4B-00C04F79EFBC}") = "AdminEmployeeTool", "AdminEmployeeTool.csproj", "{3D614BDC-9B63-4D7B-9744-EB4DFA26AAC6}"
EndProject
Global
	GlobalSection(SolutionConfigurationPlatforms) = preSolution
		Debug|Any CPU = Debug|Any CPU
		Release|Any CPU = Release|Any CPU
	EndGlobalSection
	GlobalSection(ProjectConfigurationPlatforms) = postSolution
		{3D614BDC-9B63-4D7B-9744-EB4DFA26AAC6}.Debug|Any CPU.ActiveCfg = Debug|Any CPU
		{3D614BDC-9B63-4D7B-9744-EB4DFA26AAC6}.Debug|Any CPU.Build.0 = Debug|Any CPU
		{3D614BDC-9B63-4D7B-9744-EB4DFA26AAC6}.Release|Any CPU.ActiveCfg = Release|Any CPU
		{3D614BDC-9B63-4D7B-9744-EB4DFA26AAC6}.Release|Any CPU.Build.0 = Release|Any CPU
	EndGlobalSection
	GlobalSection(SolutionProperties) = preSolution
		HideSolutionNode = FALSE
	EndGlobalSection
	GlobalSection(ExtensibilityGlobals) = postSolution
		SolutionGuid = {E1DDB4E4-EED0-4F33-B964-286FF74D2E33}
	EndGlobalSection
EndGlobal
